Microsoft Visual Studio Solution File, Format Version 12.00
# Visual Studio Version 17
VisualStudioVersion = 17.0.32112.339
MinimumVisualStudioVersion = 15.0.26124.0
Project("{2150E333-8FDC-42A3-9474-1A3956D46DE8}") = "source", "source", "{66A8A447-CECE-4C0D-9F8E-8EC790A141F3}"
EndProject
Project("{2150E333-8FDC-42A3-9474-1A3956D46DE8}") = "Firebase", "Firebase", "{87DAFAF8-C745-44F0-BC8A-503BF4A97082}"
EndProject
Project("{2150E333-8FDC-42A3-9474-1A3956D46DE8}") = "Google", "Google", "{CF41ABBD-2DDE-44D3-A5C8-85846812AE23}"
EndProject
Project("{FAE04EC0-301F-11D3-BF4B-00C04F79EFBC}") = "Core", "source\Firebase\Core\Core.csproj", "{9335A59B-3B54-4ED5-8201-B68CFD05CAFB}"
EndProject
Project("{FAE04EC0-301F-11D3-BF4B-00C04F79EFBC}") = "Analytics", "source\Firebase\Analytics\Analytics.csproj", "{25783B8D-1423-4CC2-B629-7E7F36A1CF4B}"
EndProject
Project("{FAE04EC0-301F-11D3-BF4B-00C04F79EFBC}") = "CloudMessaging", "source\Firebase\CloudMessaging\CloudMessaging.csproj", "{76D97DB8-CAFE-4F0C-9F90-970CB26080FA}"
EndProject
Project("{FAE04EC0-301F-11D3-BF4B-00C04F79EFBC}") = "ABTesting", "source\Firebase\ABTesting\ABTesting.csproj", "{1EDD7A0C-29DB-4A6B-B12F-4CA1791FE575}"
EndProject
Project("{FAE04EC0-301F-11D3-BF4B-00C04F79EFBC}") = "Auth", "source\Firebase\Auth\Auth.csproj", "{1BF6B7AD-47B3-49F5-918C-8E405309C934}"
EndProject
Project("{FAE04EC0-301F-11D3-BF4B-00C04F79EFBC}") = "CloudFirestore", "source\Firebase\CloudFirestore\CloudFirestore.csproj", "{5AFBE3D9-C1FC-4E91-BF3C-AF280727E861}"
EndProject
Project("{FAE04EC0-301F-11D3-BF4B-00C04F79EFBC}") = "Crashlytics", "source\Firebase\Crashlytics\Crashlytics.csproj", "{E1558CDF-C9CE-4A78-AA96-9EA75A39D266}"
EndProject
Project("{FAE04EC0-301F-11D3-BF4B-00C04F79EFBC}") = "Database", "source\Firebase\Database\Database.csproj", "{5013B41D-804C-499D-B0E5-E8D14859044F}"
EndProject
Project("{FAE04EC0-301F-11D3-BF4B-00C04F79EFBC}") = "DynamicLinks", "source\Firebase\DynamicLinks\DynamicLinks.csproj", "{4D102D0B-59D7-4902-913E-85CAA0DFE8A3}"
EndProject
Project("{FAE04EC0-301F-11D3-BF4B-00C04F79EFBC}") = "PerformanceMonitoring", "source\Firebase\PerformanceMonitoring\PerformanceMonitoring.csproj", "{3ECC9FBF-72BB-48E4-B454-56194A422B3A}"
EndProject
Project("{FAE04EC0-301F-11D3-BF4B-00C04F79EFBC}") = "RemoteConfig", "source\Firebase\RemoteConfig\RemoteConfig.csproj", "{2FC178FA-114D-4A51-A3DF-5EA10E2C71C4}"
EndProject
Project("{FAE04EC0-301F-11D3-BF4B-00C04F79EFBC}") = "Storage", "source\Firebase\Storage\Storage.csproj", "{03D44E24-A726-44F9-8EC9-4B136F15B817}"
EndProject
Project("{FAE04EC0-301F-11D3-BF4B-00C04F79EFBC}") = "Analytics", "source\Google\Analytics\Analytics.csproj", "{36FD3346-EA1E-41A3-91D2-1C380E97BA34}"
EndProject
Project("{FAE04EC0-301F-11D3-BF4B-00C04F79EFBC}") = "Cast", "source\Google\Cast\Cast.csproj", "{D71F8108-A163-4E1B-BFB5-EF58FEBADD33}"
EndProject
Project("{FAE04EC0-301F-11D3-BF4B-00C04F79EFBC}") = "Maps", "source\Google\Maps\Maps.csproj", "{2D4887E5-F5E4-4C2B-9F35-EAE5E562E43B}"
EndProject
Project("{FAE04EC0-301F-11D3-BF4B-00C04F79EFBC}") = "MobileAds", "source\Google\MobileAds\MobileAds.csproj", "{1C9DFB3E-FDA5-478B-B063-CF646AA892DB}"
EndProject
Project("{FAE04EC0-301F-11D3-BF4B-00C04F79EFBC}") = "Places", "source\Google\Places\Places.csproj", "{FC514AE9-BE75-467B-91CC-B5FFC0AFBEC4}"
EndProject
Project("{FAE04EC0-301F-11D3-BF4B-00C04F79EFBC}") = "SignIn", "source\Google\SignIn\SignIn.csproj", "{CF20170E-821A-4706-BFCE-5650F3D1B3F0}"
EndProject
Project("{FAE04EC0-301F-11D3-BF4B-00C04F79EFBC}") = "TagManager", "source\Google\TagManager\TagManager.csproj", "{3FCDD0B5-F60C-49F7-AAD7-497D02285A38}"
EndProject
Project("{FAE04EC0-301F-11D3-BF4B-00C04F79EFBC}") = "Installations", "source\Firebase\Installations\Installations.csproj", "{65ACD945-5A8A-419D-B9FB-8DFD03C532F4}"
EndProject
Project("{FAE04EC0-301F-11D3-BF4B-00C04F79EFBC}") = "CloudFunctions", "source\Firebase\CloudFunctions\CloudFunctions.csproj", "{E5719ABE-6807-49C9-9E7A-0997FF4A5365}"
EndProject
Project("{FAE04EC0-301F-11D3-BF4B-00C04F79EFBC}") = "InAppMessaging", "source\Firebase\InAppMessaging\InAppMessaging.csproj", "{AB5F0D3A-EE49-48ED-848F-B288D837CA77}"
EndProject
Project("{2150E333-8FDC-42A3-9474-1A3956D46DE8}") = "Solution Items", "Solution Items", "{C207DCCA-9510-4CDD-A6E7-042C6834171C}"
	ProjectSection(SolutionItems) = preProject
		.editorconfig = .editorconfig
	EndProjectSection
EndProject
Project("{FAE04EC0-301F-11D3-BF4B-00C04F79EFBC}") = "UserMessagingPlatform", "source\Google\UserMessagingPlatform\UserMessagingPlatform.csproj", "{F6CEF86A-612E-4361-B46E-E5349EF478CE}"
EndProject
Project("{FAE04EC0-301F-11D3-BF4B-00C04F79EFBC}") = "Core", "source\MLKit\Core\Core.csproj", "{720DD721-A108-488A-83CA-8DACF2D6D506}"
EndProject
Project("{FAE04EC0-301F-11D3-BF4B-00C04F79EFBC}") = "TextRecognition", "source\MLKit\TextRecognition\TextRecognition.csproj", "{F37568EB-B67A-4882-8DE8-E00D135CC73D}"
EndProject
Project("{FAE04EC0-301F-11D3-BF4B-00C04F79EFBC}") = "TextRecognitionLatin", "source\MLKit\TextRecognitionLatin\TextRecognitionLatin.csproj", "{015148EF-FF69-42AC-88C8-2CDEBCAB927E}"
EndProject
Project("{2150E333-8FDC-42A3-9474-1A3956D46DE8}") = "MLKit", "MLKit", "{156DD27D-5857-45B7-9511-0D8E7FE4EAE3}"
EndProject
Project("{FAE04EC0-301F-11D3-BF4B-00C04F79EFBC}") = "TextRecognitionChinese", "source\MLKit\TextRecognitionChinese\TextRecognitionChinese.csproj", "{DAF37117-66D8-45B7-A3F8-D9DC897CDF1C}"
EndProject
Project("{FAE04EC0-301F-11D3-BF4B-00C04F79EFBC}") = "TextRecognitionDevanagari", "source\MLKit\TextRecognitionDevanagari\TextRecognitionDevanagari.csproj", "{159C82C4-1C3C-4956-A0FE-AACF10388B34}"
EndProject
Project("{FAE04EC0-301F-11D3-BF4B-00C04F79EFBC}") = "TextRecognitionJapanese", "source\MLKit\TextRecognitionJapanese\TextRecognitionJapanese.csproj", "{247C0EC4-67A7-42EE-BFA7-B3C60905A6C9}"
EndProject
Project("{FAE04EC0-301F-11D3-BF4B-00C04F79EFBC}") = "TextRecognitionKorean", "source\MLKit\TextRecognitionKorean\TextRecognitionKorean.csproj", "{C5AF22AA-649C-4D88-A498-F342B529BE48}"
EndProject
Project("{FAE04EC0-301F-11D3-BF4B-00C04F79EFBC}") = "BarcodeScanning", "source\MLKit\BarcodeScanning\BarcodeScanning.csproj", "{5FBD1B51-DC20-4594-99AB-4C978DC65BD4}"
EndProject
Project("{FAE04EC0-301F-11D3-BF4B-00C04F79EFBC}") = "FaceDetection", "source\MLKit\FaceDetection\FaceDetection.csproj", "{A4B54A9B-3C3A-491B-BD29-62C8D230CBDE}"
EndProject
Project("{FAE04EC0-301F-11D3-BF4B-00C04F79EFBC}") = "DigitalInkRecognition", "source\MLKit\DigitalInkRecognition\DigitalInkRecognition.csproj", "{2723A591-AD5B-40B2-8D04-262CEBB20B33}"
EndProject
Project("{FAE04EC0-301F-11D3-BF4B-00C04F79EFBC}") = "Vision", "source\MLKit\Vision\Vision.csproj", "{AB6D62E6-8B42-401A-9E9E-E963EA0AE176}"
EndProject
Project("{FAE04EC0-301F-11D3-BF4B-00C04F79EFBC}") = "ImageLabeling", "source\MLKit\ImageLabeling\ImageLabeling.csproj", "{AE0A53F7-D079-4363-8B96-6A5C86DA5FA6}"
EndProject
Project("{FAE04EC0-301F-11D3-BF4B-00C04F79EFBC}") = "ObjectDetection", "source\MLKit\ObjectDetection\ObjectDetection.csproj", "{847E4CEC-590D-4209-954B-0DBCB727DF64}"
EndProject
Project("{2150E333-8FDC-42A3-9474-1A3956D46DE8}") = "samples-from-source", "samples-from-source", "{A873E877-181E-4479-BF57-05A55AF5782A}"
EndProject
Project("{FAE04EC0-301F-11D3-BF4B-00C04F79EFBC}") = "MLKitVisionSample", "samples\MLKit\MLKitVision\MLKitVisionSample\MLKitVisionSample.csproj", "{7D85A466-C81D-4CBB-80DF-EAB06FA52ED2}"
EndProject
Project("{2150E333-8FDC-42A3-9474-1A3956D46DE8}") = "MLKit", "MLKit", "{0DBD3BDB-782A-43BD-B534-C4C88F5D039E}"
EndProject
Global
	GlobalSection(SolutionConfigurationPlatforms) = preSolution
		Ad-Hoc|Any CPU = Ad-Hoc|Any CPU
		Ad-Hoc|iPhone = Ad-Hoc|iPhone
		Ad-Hoc|iPhoneSimulator = Ad-Hoc|iPhoneSimulator
		Ad-Hoc|x64 = Ad-Hoc|x64
		Ad-Hoc|x86 = Ad-Hoc|x86
		AppStore|Any CPU = AppStore|Any CPU
		AppStore|iPhone = AppStore|iPhone
		AppStore|iPhoneSimulator = AppStore|iPhoneSimulator
		AppStore|x64 = AppStore|x64
		AppStore|x86 = AppStore|x86
		Debug|Any CPU = Debug|Any CPU
		Debug|iPhone = Debug|iPhone
		Debug|iPhoneSimulator = Debug|iPhoneSimulator
		Debug|x64 = Debug|x64
		Debug|x86 = Debug|x86
		Release|Any CPU = Release|Any CPU
		Release|iPhone = Release|iPhone
		Release|iPhoneSimulator = Release|iPhoneSimulator
		Release|x64 = Release|x64
		Release|x86 = Release|x86
	EndGlobalSection
	GlobalSection(ProjectConfigurationPlatforms) = postSolution
		{9335A59B-3B54-4ED5-8201-B68CFD05CAFB}.Debug|Any CPU.ActiveCfg = Debug|Any CPU
		{9335A59B-3B54-4ED5-8201-B68CFD05CAFB}.Debug|Any CPU.Build.0 = Debug|Any CPU
		{9335A59B-3B54-4ED5-8201-B68CFD05CAFB}.Debug|iPhone.ActiveCfg = Debug|Any CPU
		{9335A59B-3B54-4ED5-8201-B68CFD05CAFB}.Debug|iPhone.Build.0 = Debug|Any CPU
		{9335A59B-3B54-4ED5-8201-B68CFD05CAFB}.Debug|iPhoneSimulator.ActiveCfg = Debug|Any CPU
		{9335A59B-3B54-4ED5-8201-B68CFD05CAFB}.Debug|iPhoneSimulator.Build.0 = Debug|Any CPU
		{9335A59B-3B54-4ED5-8201-B68CFD05CAFB}.Release|Any CPU.ActiveCfg = Release|Any CPU
		{9335A59B-3B54-4ED5-8201-B68CFD05CAFB}.Release|Any CPU.Build.0 = Release|Any CPU
		{9335A59B-3B54-4ED5-8201-B68CFD05CAFB}.Release|iPhone.ActiveCfg = Release|Any CPU
		{9335A59B-3B54-4ED5-8201-B68CFD05CAFB}.Release|iPhone.Build.0 = Release|Any CPU
		{9335A59B-3B54-4ED5-8201-B68CFD05CAFB}.Release|iPhoneSimulator.ActiveCfg = Release|Any CPU
		{9335A59B-3B54-4ED5-8201-B68CFD05CAFB}.Release|iPhoneSimulator.Build.0 = Release|Any CPU
		{25783B8D-1423-4CC2-B629-7E7F36A1CF4B}.Debug|Any CPU.ActiveCfg = Debug|Any CPU
		{25783B8D-1423-4CC2-B629-7E7F36A1CF4B}.Debug|Any CPU.Build.0 = Debug|Any CPU
		{25783B8D-1423-4CC2-B629-7E7F36A1CF4B}.Debug|iPhone.ActiveCfg = Debug|Any CPU
		{25783B8D-1423-4CC2-B629-7E7F36A1CF4B}.Debug|iPhone.Build.0 = Debug|Any CPU
		{25783B8D-1423-4CC2-B629-7E7F36A1CF4B}.Debug|iPhoneSimulator.ActiveCfg = Debug|Any CPU
		{25783B8D-1423-4CC2-B629-7E7F36A1CF4B}.Debug|iPhoneSimulator.Build.0 = Debug|Any CPU
		{25783B8D-1423-4CC2-B629-7E7F36A1CF4B}.Release|Any CPU.ActiveCfg = Release|Any CPU
		{25783B8D-1423-4CC2-B629-7E7F36A1CF4B}.Release|Any CPU.Build.0 = Release|Any CPU
		{25783B8D-1423-4CC2-B629-7E7F36A1CF4B}.Release|iPhone.ActiveCfg = Release|Any CPU
		{25783B8D-1423-4CC2-B629-7E7F36A1CF4B}.Release|iPhone.Build.0 = Release|Any CPU
		{25783B8D-1423-4CC2-B629-7E7F36A1CF4B}.Release|iPhoneSimulator.ActiveCfg = Release|Any CPU
		{25783B8D-1423-4CC2-B629-7E7F36A1CF4B}.Release|iPhoneSimulator.Build.0 = Release|Any CPU
		{76D97DB8-CAFE-4F0C-9F90-970CB26080FA}.Debug|Any CPU.ActiveCfg = Debug|Any CPU
		{76D97DB8-CAFE-4F0C-9F90-970CB26080FA}.Debug|Any CPU.Build.0 = Debug|Any CPU
		{76D97DB8-CAFE-4F0C-9F90-970CB26080FA}.Debug|iPhone.ActiveCfg = Debug|Any CPU
		{76D97DB8-CAFE-4F0C-9F90-970CB26080FA}.Debug|iPhone.Build.0 = Debug|Any CPU
		{76D97DB8-CAFE-4F0C-9F90-970CB26080FA}.Debug|iPhoneSimulator.ActiveCfg = Debug|Any CPU
		{76D97DB8-CAFE-4F0C-9F90-970CB26080FA}.Debug|iPhoneSimulator.Build.0 = Debug|Any CPU
		{76D97DB8-CAFE-4F0C-9F90-970CB26080FA}.Release|Any CPU.ActiveCfg = Release|Any CPU
		{76D97DB8-CAFE-4F0C-9F90-970CB26080FA}.Release|Any CPU.Build.0 = Release|Any CPU
		{76D97DB8-CAFE-4F0C-9F90-970CB26080FA}.Release|iPhone.ActiveCfg = Release|Any CPU
		{76D97DB8-CAFE-4F0C-9F90-970CB26080FA}.Release|iPhone.Build.0 = Release|Any CPU
		{76D97DB8-CAFE-4F0C-9F90-970CB26080FA}.Release|iPhoneSimulator.ActiveCfg = Release|Any CPU
		{76D97DB8-CAFE-4F0C-9F90-970CB26080FA}.Release|iPhoneSimulator.Build.0 = Release|Any CPU
		{1EDD7A0C-29DB-4A6B-B12F-4CA1791FE575}.Debug|Any CPU.ActiveCfg = Debug|Any CPU
		{1EDD7A0C-29DB-4A6B-B12F-4CA1791FE575}.Debug|Any CPU.Build.0 = Debug|Any CPU
		{1EDD7A0C-29DB-4A6B-B12F-4CA1791FE575}.Debug|iPhone.ActiveCfg = Debug|Any CPU
		{1EDD7A0C-29DB-4A6B-B12F-4CA1791FE575}.Debug|iPhone.Build.0 = Debug|Any CPU
		{1EDD7A0C-29DB-4A6B-B12F-4CA1791FE575}.Debug|iPhoneSimulator.ActiveCfg = Debug|Any CPU
		{1EDD7A0C-29DB-4A6B-B12F-4CA1791FE575}.Debug|iPhoneSimulator.Build.0 = Debug|Any CPU
		{1EDD7A0C-29DB-4A6B-B12F-4CA1791FE575}.Release|Any CPU.ActiveCfg = Release|Any CPU
		{1EDD7A0C-29DB-4A6B-B12F-4CA1791FE575}.Release|Any CPU.Build.0 = Release|Any CPU
		{1EDD7A0C-29DB-4A6B-B12F-4CA1791FE575}.Release|iPhone.ActiveCfg = Release|Any CPU
		{1EDD7A0C-29DB-4A6B-B12F-4CA1791FE575}.Release|iPhone.Build.0 = Release|Any CPU
		{1EDD7A0C-29DB-4A6B-B12F-4CA1791FE575}.Release|iPhoneSimulator.ActiveCfg = Release|Any CPU
		{1EDD7A0C-29DB-4A6B-B12F-4CA1791FE575}.Release|iPhoneSimulator.Build.0 = Release|Any CPU
		{1BF6B7AD-47B3-49F5-918C-8E405309C934}.Debug|Any CPU.ActiveCfg = Debug|Any CPU
		{1BF6B7AD-47B3-49F5-918C-8E405309C934}.Debug|Any CPU.Build.0 = Debug|Any CPU
		{1BF6B7AD-47B3-49F5-918C-8E405309C934}.Debug|iPhone.ActiveCfg = Debug|Any CPU
		{1BF6B7AD-47B3-49F5-918C-8E405309C934}.Debug|iPhone.Build.0 = Debug|Any CPU
		{1BF6B7AD-47B3-49F5-918C-8E405309C934}.Debug|iPhoneSimulator.ActiveCfg = Debug|Any CPU
		{1BF6B7AD-47B3-49F5-918C-8E405309C934}.Debug|iPhoneSimulator.Build.0 = Debug|Any CPU
		{1BF6B7AD-47B3-49F5-918C-8E405309C934}.Release|Any CPU.ActiveCfg = Release|Any CPU
		{1BF6B7AD-47B3-49F5-918C-8E405309C934}.Release|Any CPU.Build.0 = Release|Any CPU
		{1BF6B7AD-47B3-49F5-918C-8E405309C934}.Release|iPhone.ActiveCfg = Release|Any CPU
		{1BF6B7AD-47B3-49F5-918C-8E405309C934}.Release|iPhone.Build.0 = Release|Any CPU
		{1BF6B7AD-47B3-49F5-918C-8E405309C934}.Release|iPhoneSimulator.ActiveCfg = Release|Any CPU
		{1BF6B7AD-47B3-49F5-918C-8E405309C934}.Release|iPhoneSimulator.Build.0 = Release|Any CPU
		{5AFBE3D9-C1FC-4E91-BF3C-AF280727E861}.Debug|Any CPU.ActiveCfg = Debug|Any CPU
		{5AFBE3D9-C1FC-4E91-BF3C-AF280727E861}.Debug|Any CPU.Build.0 = Debug|Any CPU
		{5AFBE3D9-C1FC-4E91-BF3C-AF280727E861}.Debug|iPhone.ActiveCfg = Debug|Any CPU
		{5AFBE3D9-C1FC-4E91-BF3C-AF280727E861}.Debug|iPhone.Build.0 = Debug|Any CPU
		{5AFBE3D9-C1FC-4E91-BF3C-AF280727E861}.Debug|iPhoneSimulator.ActiveCfg = Debug|Any CPU
		{5AFBE3D9-C1FC-4E91-BF3C-AF280727E861}.Debug|iPhoneSimulator.Build.0 = Debug|Any CPU
		{5AFBE3D9-C1FC-4E91-BF3C-AF280727E861}.Release|Any CPU.ActiveCfg = Release|Any CPU
		{5AFBE3D9-C1FC-4E91-BF3C-AF280727E861}.Release|Any CPU.Build.0 = Release|Any CPU
		{5AFBE3D9-C1FC-4E91-BF3C-AF280727E861}.Release|iPhone.ActiveCfg = Release|Any CPU
		{5AFBE3D9-C1FC-4E91-BF3C-AF280727E861}.Release|iPhone.Build.0 = Release|Any CPU
		{5AFBE3D9-C1FC-4E91-BF3C-AF280727E861}.Release|iPhoneSimulator.ActiveCfg = Release|Any CPU
		{5AFBE3D9-C1FC-4E91-BF3C-AF280727E861}.Release|iPhoneSimulator.Build.0 = Release|Any CPU
		{E1558CDF-C9CE-4A78-AA96-9EA75A39D266}.Debug|Any CPU.ActiveCfg = Debug|Any CPU
		{E1558CDF-C9CE-4A78-AA96-9EA75A39D266}.Debug|Any CPU.Build.0 = Debug|Any CPU
		{E1558CDF-C9CE-4A78-AA96-9EA75A39D266}.Debug|iPhone.ActiveCfg = Debug|Any CPU
		{E1558CDF-C9CE-4A78-AA96-9EA75A39D266}.Debug|iPhone.Build.0 = Debug|Any CPU
		{E1558CDF-C9CE-4A78-AA96-9EA75A39D266}.Debug|iPhoneSimulator.ActiveCfg = Debug|Any CPU
		{E1558CDF-C9CE-4A78-AA96-9EA75A39D266}.Debug|iPhoneSimulator.Build.0 = Debug|Any CPU
		{E1558CDF-C9CE-4A78-AA96-9EA75A39D266}.Release|Any CPU.ActiveCfg = Release|Any CPU
		{E1558CDF-C9CE-4A78-AA96-9EA75A39D266}.Release|Any CPU.Build.0 = Release|Any CPU
		{E1558CDF-C9CE-4A78-AA96-9EA75A39D266}.Release|iPhone.ActiveCfg = Release|Any CPU
		{E1558CDF-C9CE-4A78-AA96-9EA75A39D266}.Release|iPhone.Build.0 = Release|Any CPU
		{E1558CDF-C9CE-4A78-AA96-9EA75A39D266}.Release|iPhoneSimulator.ActiveCfg = Release|Any CPU
		{E1558CDF-C9CE-4A78-AA96-9EA75A39D266}.Release|iPhoneSimulator.Build.0 = Release|Any CPU
		{5013B41D-804C-499D-B0E5-E8D14859044F}.Debug|Any CPU.ActiveCfg = Debug|Any CPU
		{5013B41D-804C-499D-B0E5-E8D14859044F}.Debug|Any CPU.Build.0 = Debug|Any CPU
		{5013B41D-804C-499D-B0E5-E8D14859044F}.Debug|iPhone.ActiveCfg = Debug|Any CPU
		{5013B41D-804C-499D-B0E5-E8D14859044F}.Debug|iPhone.Build.0 = Debug|Any CPU
		{5013B41D-804C-499D-B0E5-E8D14859044F}.Debug|iPhoneSimulator.ActiveCfg = Debug|Any CPU
		{5013B41D-804C-499D-B0E5-E8D14859044F}.Debug|iPhoneSimulator.Build.0 = Debug|Any CPU
		{5013B41D-804C-499D-B0E5-E8D14859044F}.Release|Any CPU.ActiveCfg = Release|Any CPU
		{5013B41D-804C-499D-B0E5-E8D14859044F}.Release|Any CPU.Build.0 = Release|Any CPU
		{5013B41D-804C-499D-B0E5-E8D14859044F}.Release|iPhone.ActiveCfg = Release|Any CPU
		{5013B41D-804C-499D-B0E5-E8D14859044F}.Release|iPhone.Build.0 = Release|Any CPU
		{5013B41D-804C-499D-B0E5-E8D14859044F}.Release|iPhoneSimulator.ActiveCfg = Release|Any CPU
		{5013B41D-804C-499D-B0E5-E8D14859044F}.Release|iPhoneSimulator.Build.0 = Release|Any CPU
		{4D102D0B-59D7-4902-913E-85CAA0DFE8A3}.Debug|Any CPU.ActiveCfg = Debug|Any CPU
		{4D102D0B-59D7-4902-913E-85CAA0DFE8A3}.Debug|Any CPU.Build.0 = Debug|Any CPU
		{4D102D0B-59D7-4902-913E-85CAA0DFE8A3}.Debug|iPhone.ActiveCfg = Debug|Any CPU
		{4D102D0B-59D7-4902-913E-85CAA0DFE8A3}.Debug|iPhone.Build.0 = Debug|Any CPU
		{4D102D0B-59D7-4902-913E-85CAA0DFE8A3}.Debug|iPhoneSimulator.ActiveCfg = Debug|Any CPU
		{4D102D0B-59D7-4902-913E-85CAA0DFE8A3}.Debug|iPhoneSimulator.Build.0 = Debug|Any CPU
		{4D102D0B-59D7-4902-913E-85CAA0DFE8A3}.Release|Any CPU.ActiveCfg = Release|Any CPU
		{4D102D0B-59D7-4902-913E-85CAA0DFE8A3}.Release|Any CPU.Build.0 = Release|Any CPU
		{4D102D0B-59D7-4902-913E-85CAA0DFE8A3}.Release|iPhone.ActiveCfg = Release|Any CPU
		{4D102D0B-59D7-4902-913E-85CAA0DFE8A3}.Release|iPhone.Build.0 = Release|Any CPU
		{4D102D0B-59D7-4902-913E-85CAA0DFE8A3}.Release|iPhoneSimulator.ActiveCfg = Release|Any CPU
		{4D102D0B-59D7-4902-913E-85CAA0DFE8A3}.Release|iPhoneSimulator.Build.0 = Release|Any CPU
		{3ECC9FBF-72BB-48E4-B454-56194A422B3A}.Debug|Any CPU.ActiveCfg = Debug|Any CPU
		{3ECC9FBF-72BB-48E4-B454-56194A422B3A}.Debug|Any CPU.Build.0 = Debug|Any CPU
		{3ECC9FBF-72BB-48E4-B454-56194A422B3A}.Debug|iPhone.ActiveCfg = Debug|Any CPU
		{3ECC9FBF-72BB-48E4-B454-56194A422B3A}.Debug|iPhone.Build.0 = Debug|Any CPU
		{3ECC9FBF-72BB-48E4-B454-56194A422B3A}.Debug|iPhoneSimulator.ActiveCfg = Debug|Any CPU
		{3ECC9FBF-72BB-48E4-B454-56194A422B3A}.Debug|iPhoneSimulator.Build.0 = Debug|Any CPU
		{3ECC9FBF-72BB-48E4-B454-56194A422B3A}.Release|Any CPU.ActiveCfg = Release|Any CPU
		{3ECC9FBF-72BB-48E4-B454-56194A422B3A}.Release|Any CPU.Build.0 = Release|Any CPU
		{3ECC9FBF-72BB-48E4-B454-56194A422B3A}.Release|iPhone.ActiveCfg = Release|Any CPU
		{3ECC9FBF-72BB-48E4-B454-56194A422B3A}.Release|iPhone.Build.0 = Release|Any CPU
		{3ECC9FBF-72BB-48E4-B454-56194A422B3A}.Release|iPhoneSimulator.ActiveCfg = Release|Any CPU
		{3ECC9FBF-72BB-48E4-B454-56194A422B3A}.Release|iPhoneSimulator.Build.0 = Release|Any CPU
		{2FC178FA-114D-4A51-A3DF-5EA10E2C71C4}.Debug|Any CPU.ActiveCfg = Debug|Any CPU
		{2FC178FA-114D-4A51-A3DF-5EA10E2C71C4}.Debug|Any CPU.Build.0 = Debug|Any CPU
		{2FC178FA-114D-4A51-A3DF-5EA10E2C71C4}.Debug|iPhone.ActiveCfg = Debug|Any CPU
		{2FC178FA-114D-4A51-A3DF-5EA10E2C71C4}.Debug|iPhone.Build.0 = Debug|Any CPU
		{2FC178FA-114D-4A51-A3DF-5EA10E2C71C4}.Debug|iPhoneSimulator.ActiveCfg = Debug|Any CPU
		{2FC178FA-114D-4A51-A3DF-5EA10E2C71C4}.Debug|iPhoneSimulator.Build.0 = Debug|Any CPU
		{2FC178FA-114D-4A51-A3DF-5EA10E2C71C4}.Release|Any CPU.ActiveCfg = Release|Any CPU
		{2FC178FA-114D-4A51-A3DF-5EA10E2C71C4}.Release|Any CPU.Build.0 = Release|Any CPU
		{2FC178FA-114D-4A51-A3DF-5EA10E2C71C4}.Release|iPhone.ActiveCfg = Release|Any CPU
		{2FC178FA-114D-4A51-A3DF-5EA10E2C71C4}.Release|iPhone.Build.0 = Release|Any CPU
		{2FC178FA-114D-4A51-A3DF-5EA10E2C71C4}.Release|iPhoneSimulator.ActiveCfg = Release|Any CPU
		{2FC178FA-114D-4A51-A3DF-5EA10E2C71C4}.Release|iPhoneSimulator.Build.0 = Release|Any CPU
		{03D44E24-A726-44F9-8EC9-4B136F15B817}.Debug|Any CPU.ActiveCfg = Debug|Any CPU
		{03D44E24-A726-44F9-8EC9-4B136F15B817}.Debug|Any CPU.Build.0 = Debug|Any CPU
		{03D44E24-A726-44F9-8EC9-4B136F15B817}.Debug|iPhone.ActiveCfg = Debug|Any CPU
		{03D44E24-A726-44F9-8EC9-4B136F15B817}.Debug|iPhone.Build.0 = Debug|Any CPU
		{03D44E24-A726-44F9-8EC9-4B136F15B817}.Debug|iPhoneSimulator.ActiveCfg = Debug|Any CPU
		{03D44E24-A726-44F9-8EC9-4B136F15B817}.Debug|iPhoneSimulator.Build.0 = Debug|Any CPU
		{03D44E24-A726-44F9-8EC9-4B136F15B817}.Release|Any CPU.ActiveCfg = Release|Any CPU
		{03D44E24-A726-44F9-8EC9-4B136F15B817}.Release|Any CPU.Build.0 = Release|Any CPU
		{03D44E24-A726-44F9-8EC9-4B136F15B817}.Release|iPhone.ActiveCfg = Release|Any CPU
		{03D44E24-A726-44F9-8EC9-4B136F15B817}.Release|iPhone.Build.0 = Release|Any CPU
		{03D44E24-A726-44F9-8EC9-4B136F15B817}.Release|iPhoneSimulator.ActiveCfg = Release|Any CPU
		{03D44E24-A726-44F9-8EC9-4B136F15B817}.Release|iPhoneSimulator.Build.0 = Release|Any CPU
		{36FD3346-EA1E-41A3-91D2-1C380E97BA34}.Debug|Any CPU.ActiveCfg = Debug|Any CPU
		{36FD3346-EA1E-41A3-91D2-1C380E97BA34}.Debug|Any CPU.Build.0 = Debug|Any CPU
		{36FD3346-EA1E-41A3-91D2-1C380E97BA34}.Debug|iPhone.ActiveCfg = Debug|Any CPU
		{36FD3346-EA1E-41A3-91D2-1C380E97BA34}.Debug|iPhone.Build.0 = Debug|Any CPU
		{36FD3346-EA1E-41A3-91D2-1C380E97BA34}.Debug|iPhoneSimulator.ActiveCfg = Debug|Any CPU
		{36FD3346-EA1E-41A3-91D2-1C380E97BA34}.Debug|iPhoneSimulator.Build.0 = Debug|Any CPU
		{36FD3346-EA1E-41A3-91D2-1C380E97BA34}.Release|Any CPU.ActiveCfg = Release|Any CPU
		{36FD3346-EA1E-41A3-91D2-1C380E97BA34}.Release|Any CPU.Build.0 = Release|Any CPU
		{36FD3346-EA1E-41A3-91D2-1C380E97BA34}.Release|iPhone.ActiveCfg = Release|Any CPU
		{36FD3346-EA1E-41A3-91D2-1C380E97BA34}.Release|iPhone.Build.0 = Release|Any CPU
		{36FD3346-EA1E-41A3-91D2-1C380E97BA34}.Release|iPhoneSimulator.ActiveCfg = Release|Any CPU
		{36FD3346-EA1E-41A3-91D2-1C380E97BA34}.Release|iPhoneSimulator.Build.0 = Release|Any CPU
		{D71F8108-A163-4E1B-BFB5-EF58FEBADD33}.Debug|Any CPU.ActiveCfg = Debug|Any CPU
		{D71F8108-A163-4E1B-BFB5-EF58FEBADD33}.Debug|Any CPU.Build.0 = Debug|Any CPU
		{D71F8108-A163-4E1B-BFB5-EF58FEBADD33}.Debug|iPhone.ActiveCfg = Debug|Any CPU
		{D71F8108-A163-4E1B-BFB5-EF58FEBADD33}.Debug|iPhone.Build.0 = Debug|Any CPU
		{D71F8108-A163-4E1B-BFB5-EF58FEBADD33}.Debug|iPhoneSimulator.ActiveCfg = Debug|Any CPU
		{D71F8108-A163-4E1B-BFB5-EF58FEBADD33}.Debug|iPhoneSimulator.Build.0 = Debug|Any CPU
		{D71F8108-A163-4E1B-BFB5-EF58FEBADD33}.Release|Any CPU.ActiveCfg = Release|Any CPU
		{D71F8108-A163-4E1B-BFB5-EF58FEBADD33}.Release|Any CPU.Build.0 = Release|Any CPU
		{D71F8108-A163-4E1B-BFB5-EF58FEBADD33}.Release|iPhone.ActiveCfg = Release|Any CPU
		{D71F8108-A163-4E1B-BFB5-EF58FEBADD33}.Release|iPhone.Build.0 = Release|Any CPU
		{D71F8108-A163-4E1B-BFB5-EF58FEBADD33}.Release|iPhoneSimulator.ActiveCfg = Release|Any CPU
		{D71F8108-A163-4E1B-BFB5-EF58FEBADD33}.Release|iPhoneSimulator.Build.0 = Release|Any CPU
		{2D4887E5-F5E4-4C2B-9F35-EAE5E562E43B}.Debug|Any CPU.ActiveCfg = Debug|Any CPU
		{2D4887E5-F5E4-4C2B-9F35-EAE5E562E43B}.Debug|Any CPU.Build.0 = Debug|Any CPU
		{2D4887E5-F5E4-4C2B-9F35-EAE5E562E43B}.Debug|iPhone.ActiveCfg = Debug|Any CPU
		{2D4887E5-F5E4-4C2B-9F35-EAE5E562E43B}.Debug|iPhone.Build.0 = Debug|Any CPU
		{2D4887E5-F5E4-4C2B-9F35-EAE5E562E43B}.Debug|iPhoneSimulator.ActiveCfg = Debug|Any CPU
		{2D4887E5-F5E4-4C2B-9F35-EAE5E562E43B}.Debug|iPhoneSimulator.Build.0 = Debug|Any CPU
		{2D4887E5-F5E4-4C2B-9F35-EAE5E562E43B}.Release|Any CPU.ActiveCfg = Release|Any CPU
		{2D4887E5-F5E4-4C2B-9F35-EAE5E562E43B}.Release|Any CPU.Build.0 = Release|Any CPU
		{2D4887E5-F5E4-4C2B-9F35-EAE5E562E43B}.Release|iPhone.ActiveCfg = Release|Any CPU
		{2D4887E5-F5E4-4C2B-9F35-EAE5E562E43B}.Release|iPhone.Build.0 = Release|Any CPU
		{2D4887E5-F5E4-4C2B-9F35-EAE5E562E43B}.Release|iPhoneSimulator.ActiveCfg = Release|Any CPU
		{2D4887E5-F5E4-4C2B-9F35-EAE5E562E43B}.Release|iPhoneSimulator.Build.0 = Release|Any CPU
		{1C9DFB3E-FDA5-478B-B063-CF646AA892DB}.Debug|Any CPU.ActiveCfg = Debug|Any CPU
		{1C9DFB3E-FDA5-478B-B063-CF646AA892DB}.Debug|Any CPU.Build.0 = Debug|Any CPU
		{1C9DFB3E-FDA5-478B-B063-CF646AA892DB}.Debug|iPhone.ActiveCfg = Debug|Any CPU
		{1C9DFB3E-FDA5-478B-B063-CF646AA892DB}.Debug|iPhone.Build.0 = Debug|Any CPU
		{1C9DFB3E-FDA5-478B-B063-CF646AA892DB}.Debug|iPhoneSimulator.ActiveCfg = Debug|Any CPU
		{1C9DFB3E-FDA5-478B-B063-CF646AA892DB}.Debug|iPhoneSimulator.Build.0 = Debug|Any CPU
		{1C9DFB3E-FDA5-478B-B063-CF646AA892DB}.Release|Any CPU.ActiveCfg = Release|Any CPU
		{1C9DFB3E-FDA5-478B-B063-CF646AA892DB}.Release|Any CPU.Build.0 = Release|Any CPU
		{1C9DFB3E-FDA5-478B-B063-CF646AA892DB}.Release|iPhone.ActiveCfg = Release|Any CPU
		{1C9DFB3E-FDA5-478B-B063-CF646AA892DB}.Release|iPhone.Build.0 = Release|Any CPU
		{1C9DFB3E-FDA5-478B-B063-CF646AA892DB}.Release|iPhoneSimulator.ActiveCfg = Release|Any CPU
		{1C9DFB3E-FDA5-478B-B063-CF646AA892DB}.Release|iPhoneSimulator.Build.0 = Release|Any CPU
		{FC514AE9-BE75-467B-91CC-B5FFC0AFBEC4}.Debug|Any CPU.ActiveCfg = Debug|Any CPU
		{FC514AE9-BE75-467B-91CC-B5FFC0AFBEC4}.Debug|Any CPU.Build.0 = Debug|Any CPU
		{FC514AE9-BE75-467B-91CC-B5FFC0AFBEC4}.Debug|iPhone.ActiveCfg = Debug|Any CPU
		{FC514AE9-BE75-467B-91CC-B5FFC0AFBEC4}.Debug|iPhone.Build.0 = Debug|Any CPU
		{FC514AE9-BE75-467B-91CC-B5FFC0AFBEC4}.Debug|iPhoneSimulator.ActiveCfg = Debug|Any CPU
		{FC514AE9-BE75-467B-91CC-B5FFC0AFBEC4}.Debug|iPhoneSimulator.Build.0 = Debug|Any CPU
		{FC514AE9-BE75-467B-91CC-B5FFC0AFBEC4}.Release|Any CPU.ActiveCfg = Release|Any CPU
		{FC514AE9-BE75-467B-91CC-B5FFC0AFBEC4}.Release|Any CPU.Build.0 = Release|Any CPU
		{FC514AE9-BE75-467B-91CC-B5FFC0AFBEC4}.Release|iPhone.ActiveCfg = Release|Any CPU
		{FC514AE9-BE75-467B-91CC-B5FFC0AFBEC4}.Release|iPhone.Build.0 = Release|Any CPU
		{FC514AE9-BE75-467B-91CC-B5FFC0AFBEC4}.Release|iPhoneSimulator.ActiveCfg = Release|Any CPU
		{FC514AE9-BE75-467B-91CC-B5FFC0AFBEC4}.Release|iPhoneSimulator.Build.0 = Release|Any CPU
		{CF20170E-821A-4706-BFCE-5650F3D1B3F0}.Debug|Any CPU.ActiveCfg = Debug|Any CPU
		{CF20170E-821A-4706-BFCE-5650F3D1B3F0}.Debug|Any CPU.Build.0 = Debug|Any CPU
		{CF20170E-821A-4706-BFCE-5650F3D1B3F0}.Debug|iPhone.ActiveCfg = Debug|Any CPU
		{CF20170E-821A-4706-BFCE-5650F3D1B3F0}.Debug|iPhone.Build.0 = Debug|Any CPU
		{CF20170E-821A-4706-BFCE-5650F3D1B3F0}.Debug|iPhoneSimulator.ActiveCfg = Debug|Any CPU
		{CF20170E-821A-4706-BFCE-5650F3D1B3F0}.Debug|iPhoneSimulator.Build.0 = Debug|Any CPU
		{CF20170E-821A-4706-BFCE-5650F3D1B3F0}.Release|Any CPU.ActiveCfg = Release|Any CPU
		{CF20170E-821A-4706-BFCE-5650F3D1B3F0}.Release|Any CPU.Build.0 = Release|Any CPU
		{CF20170E-821A-4706-BFCE-5650F3D1B3F0}.Release|iPhone.ActiveCfg = Release|Any CPU
		{CF20170E-821A-4706-BFCE-5650F3D1B3F0}.Release|iPhone.Build.0 = Release|Any CPU
		{CF20170E-821A-4706-BFCE-5650F3D1B3F0}.Release|iPhoneSimulator.ActiveCfg = Release|Any CPU
		{CF20170E-821A-4706-BFCE-5650F3D1B3F0}.Release|iPhoneSimulator.Build.0 = Release|Any CPU
		{3FCDD0B5-F60C-49F7-AAD7-497D02285A38}.Debug|Any CPU.ActiveCfg = Debug|Any CPU
		{3FCDD0B5-F60C-49F7-AAD7-497D02285A38}.Debug|Any CPU.Build.0 = Debug|Any CPU
		{3FCDD0B5-F60C-49F7-AAD7-497D02285A38}.Debug|iPhone.ActiveCfg = Debug|Any CPU
		{3FCDD0B5-F60C-49F7-AAD7-497D02285A38}.Debug|iPhone.Build.0 = Debug|Any CPU
		{3FCDD0B5-F60C-49F7-AAD7-497D02285A38}.Debug|iPhoneSimulator.ActiveCfg = Debug|Any CPU
		{3FCDD0B5-F60C-49F7-AAD7-497D02285A38}.Debug|iPhoneSimulator.Build.0 = Debug|Any CPU
		{3FCDD0B5-F60C-49F7-AAD7-497D02285A38}.Release|Any CPU.ActiveCfg = Release|Any CPU
		{3FCDD0B5-F60C-49F7-AAD7-497D02285A38}.Release|Any CPU.Build.0 = Release|Any CPU
		{3FCDD0B5-F60C-49F7-AAD7-497D02285A38}.Release|iPhone.ActiveCfg = Release|Any CPU
		{3FCDD0B5-F60C-49F7-AAD7-497D02285A38}.Release|iPhone.Build.0 = Release|Any CPU
		{3FCDD0B5-F60C-49F7-AAD7-497D02285A38}.Release|iPhoneSimulator.ActiveCfg = Release|Any CPU
		{3FCDD0B5-F60C-49F7-AAD7-497D02285A38}.Release|iPhoneSimulator.Build.0 = Release|Any CPU
		{65ACD945-5A8A-419D-B9FB-8DFD03C532F4}.Debug|Any CPU.ActiveCfg = Debug|Any CPU
		{65ACD945-5A8A-419D-B9FB-8DFD03C532F4}.Debug|Any CPU.Build.0 = Debug|Any CPU
		{65ACD945-5A8A-419D-B9FB-8DFD03C532F4}.Debug|iPhone.ActiveCfg = Debug|Any CPU
		{65ACD945-5A8A-419D-B9FB-8DFD03C532F4}.Debug|iPhone.Build.0 = Debug|Any CPU
		{65ACD945-5A8A-419D-B9FB-8DFD03C532F4}.Debug|iPhoneSimulator.ActiveCfg = Debug|Any CPU
		{65ACD945-5A8A-419D-B9FB-8DFD03C532F4}.Debug|iPhoneSimulator.Build.0 = Debug|Any CPU
		{65ACD945-5A8A-419D-B9FB-8DFD03C532F4}.Release|Any CPU.ActiveCfg = Release|Any CPU
		{65ACD945-5A8A-419D-B9FB-8DFD03C532F4}.Release|Any CPU.Build.0 = Release|Any CPU
		{65ACD945-5A8A-419D-B9FB-8DFD03C532F4}.Release|iPhone.ActiveCfg = Release|Any CPU
		{65ACD945-5A8A-419D-B9FB-8DFD03C532F4}.Release|iPhone.Build.0 = Release|Any CPU
		{65ACD945-5A8A-419D-B9FB-8DFD03C532F4}.Release|iPhoneSimulator.ActiveCfg = Release|Any CPU
		{65ACD945-5A8A-419D-B9FB-8DFD03C532F4}.Release|iPhoneSimulator.Build.0 = Release|Any CPU
		{E5719ABE-6807-49C9-9E7A-0997FF4A5365}.Debug|Any CPU.ActiveCfg = Debug|Any CPU
		{E5719ABE-6807-49C9-9E7A-0997FF4A5365}.Debug|Any CPU.Build.0 = Debug|Any CPU
		{E5719ABE-6807-49C9-9E7A-0997FF4A5365}.Debug|iPhone.ActiveCfg = Debug|Any CPU
		{E5719ABE-6807-49C9-9E7A-0997FF4A5365}.Debug|iPhone.Build.0 = Debug|Any CPU
		{E5719ABE-6807-49C9-9E7A-0997FF4A5365}.Debug|iPhoneSimulator.ActiveCfg = Debug|Any CPU
		{E5719ABE-6807-49C9-9E7A-0997FF4A5365}.Debug|iPhoneSimulator.Build.0 = Debug|Any CPU
		{E5719ABE-6807-49C9-9E7A-0997FF4A5365}.Release|Any CPU.ActiveCfg = Release|Any CPU
		{E5719ABE-6807-49C9-9E7A-0997FF4A5365}.Release|Any CPU.Build.0 = Release|Any CPU
		{E5719ABE-6807-49C9-9E7A-0997FF4A5365}.Release|iPhone.ActiveCfg = Release|Any CPU
		{E5719ABE-6807-49C9-9E7A-0997FF4A5365}.Release|iPhone.Build.0 = Release|Any CPU
		{E5719ABE-6807-49C9-9E7A-0997FF4A5365}.Release|iPhoneSimulator.ActiveCfg = Release|Any CPU
		{E5719ABE-6807-49C9-9E7A-0997FF4A5365}.Release|iPhoneSimulator.Build.0 = Release|Any CPU
		{AB5F0D3A-EE49-48ED-848F-B288D837CA77}.Debug|Any CPU.ActiveCfg = Debug|Any CPU
		{AB5F0D3A-EE49-48ED-848F-B288D837CA77}.Debug|Any CPU.Build.0 = Debug|Any CPU
		{AB5F0D3A-EE49-48ED-848F-B288D837CA77}.Debug|iPhone.ActiveCfg = Debug|Any CPU
		{AB5F0D3A-EE49-48ED-848F-B288D837CA77}.Debug|iPhone.Build.0 = Debug|Any CPU
		{AB5F0D3A-EE49-48ED-848F-B288D837CA77}.Debug|iPhoneSimulator.ActiveCfg = Debug|Any CPU
		{AB5F0D3A-EE49-48ED-848F-B288D837CA77}.Debug|iPhoneSimulator.Build.0 = Debug|Any CPU
		{AB5F0D3A-EE49-48ED-848F-B288D837CA77}.Release|Any CPU.ActiveCfg = Release|Any CPU
		{AB5F0D3A-EE49-48ED-848F-B288D837CA77}.Release|Any CPU.Build.0 = Release|Any CPU
		{AB5F0D3A-EE49-48ED-848F-B288D837CA77}.Release|iPhone.ActiveCfg = Release|Any CPU
		{AB5F0D3A-EE49-48ED-848F-B288D837CA77}.Release|iPhone.Build.0 = Release|Any CPU
		{AB5F0D3A-EE49-48ED-848F-B288D837CA77}.Release|iPhoneSimulator.ActiveCfg = Release|Any CPU
		{AB5F0D3A-EE49-48ED-848F-B288D837CA77}.Release|iPhoneSimulator.Build.0 = Release|Any CPU
		{F6CEF86A-612E-4361-B46E-E5349EF478CE}.Debug|Any CPU.ActiveCfg = Debug|Any CPU
		{F6CEF86A-612E-4361-B46E-E5349EF478CE}.Debug|Any CPU.Build.0 = Debug|Any CPU
		{F6CEF86A-612E-4361-B46E-E5349EF478CE}.Debug|iPhone.ActiveCfg = Debug|Any CPU
		{F6CEF86A-612E-4361-B46E-E5349EF478CE}.Debug|iPhone.Build.0 = Debug|Any CPU
		{F6CEF86A-612E-4361-B46E-E5349EF478CE}.Debug|iPhoneSimulator.ActiveCfg = Debug|Any CPU
		{F6CEF86A-612E-4361-B46E-E5349EF478CE}.Debug|iPhoneSimulator.Build.0 = Debug|Any CPU
		{F6CEF86A-612E-4361-B46E-E5349EF478CE}.Release|Any CPU.ActiveCfg = Release|Any CPU
		{F6CEF86A-612E-4361-B46E-E5349EF478CE}.Release|Any CPU.Build.0 = Release|Any CPU
		{F6CEF86A-612E-4361-B46E-E5349EF478CE}.Release|iPhone.ActiveCfg = Release|Any CPU
		{F6CEF86A-612E-4361-B46E-E5349EF478CE}.Release|iPhone.Build.0 = Release|Any CPU
		{F6CEF86A-612E-4361-B46E-E5349EF478CE}.Release|iPhoneSimulator.ActiveCfg = Release|Any CPU
		{F6CEF86A-612E-4361-B46E-E5349EF478CE}.Release|iPhoneSimulator.Build.0 = Release|Any CPU
		{720DD721-A108-488A-83CA-8DACF2D6D506}.Debug|Any CPU.ActiveCfg = Debug|Any CPU
		{720DD721-A108-488A-83CA-8DACF2D6D506}.Debug|Any CPU.Build.0 = Debug|Any CPU
		{720DD721-A108-488A-83CA-8DACF2D6D506}.Debug|iPhone.ActiveCfg = Debug|Any CPU
		{720DD721-A108-488A-83CA-8DACF2D6D506}.Debug|iPhone.Build.0 = Debug|Any CPU
		{720DD721-A108-488A-83CA-8DACF2D6D506}.Debug|iPhoneSimulator.ActiveCfg = Debug|Any CPU
		{720DD721-A108-488A-83CA-8DACF2D6D506}.Debug|iPhoneSimulator.Build.0 = Debug|Any CPU
		{720DD721-A108-488A-83CA-8DACF2D6D506}.Release|Any CPU.ActiveCfg = Release|Any CPU
		{720DD721-A108-488A-83CA-8DACF2D6D506}.Release|Any CPU.Build.0 = Release|Any CPU
		{720DD721-A108-488A-83CA-8DACF2D6D506}.Release|iPhone.ActiveCfg = Release|Any CPU
		{720DD721-A108-488A-83CA-8DACF2D6D506}.Release|iPhone.Build.0 = Release|Any CPU
		{720DD721-A108-488A-83CA-8DACF2D6D506}.Release|iPhoneSimulator.ActiveCfg = Release|Any CPU
		{720DD721-A108-488A-83CA-8DACF2D6D506}.Release|iPhoneSimulator.Build.0 = Release|Any CPU
		{F37568EB-B67A-4882-8DE8-E00D135CC73D}.Debug|Any CPU.ActiveCfg = Debug|Any CPU
		{F37568EB-B67A-4882-8DE8-E00D135CC73D}.Debug|Any CPU.Build.0 = Debug|Any CPU
		{F37568EB-B67A-4882-8DE8-E00D135CC73D}.Debug|iPhone.ActiveCfg = Debug|Any CPU
		{F37568EB-B67A-4882-8DE8-E00D135CC73D}.Debug|iPhone.Build.0 = Debug|Any CPU
		{F37568EB-B67A-4882-8DE8-E00D135CC73D}.Debug|iPhoneSimulator.ActiveCfg = Debug|Any CPU
		{F37568EB-B67A-4882-8DE8-E00D135CC73D}.Debug|iPhoneSimulator.Build.0 = Debug|Any CPU
		{F37568EB-B67A-4882-8DE8-E00D135CC73D}.Release|Any CPU.ActiveCfg = Release|Any CPU
		{F37568EB-B67A-4882-8DE8-E00D135CC73D}.Release|Any CPU.Build.0 = Release|Any CPU
		{F37568EB-B67A-4882-8DE8-E00D135CC73D}.Release|iPhone.ActiveCfg = Release|Any CPU
		{F37568EB-B67A-4882-8DE8-E00D135CC73D}.Release|iPhone.Build.0 = Release|Any CPU
		{F37568EB-B67A-4882-8DE8-E00D135CC73D}.Release|iPhoneSimulator.ActiveCfg = Release|Any CPU
		{F37568EB-B67A-4882-8DE8-E00D135CC73D}.Release|iPhoneSimulator.Build.0 = Release|Any CPU
		{015148EF-FF69-42AC-88C8-2CDEBCAB927E}.Debug|Any CPU.ActiveCfg = Debug|Any CPU
		{015148EF-FF69-42AC-88C8-2CDEBCAB927E}.Debug|Any CPU.Build.0 = Debug|Any CPU
		{015148EF-FF69-42AC-88C8-2CDEBCAB927E}.Debug|iPhone.ActiveCfg = Debug|Any CPU
		{015148EF-FF69-42AC-88C8-2CDEBCAB927E}.Debug|iPhone.Build.0 = Debug|Any CPU
		{015148EF-FF69-42AC-88C8-2CDEBCAB927E}.Debug|iPhoneSimulator.ActiveCfg = Debug|Any CPU
		{015148EF-FF69-42AC-88C8-2CDEBCAB927E}.Debug|iPhoneSimulator.Build.0 = Debug|Any CPU
		{015148EF-FF69-42AC-88C8-2CDEBCAB927E}.Release|Any CPU.ActiveCfg = Release|Any CPU
		{015148EF-FF69-42AC-88C8-2CDEBCAB927E}.Release|Any CPU.Build.0 = Release|Any CPU
		{015148EF-FF69-42AC-88C8-2CDEBCAB927E}.Release|iPhone.ActiveCfg = Release|Any CPU
		{015148EF-FF69-42AC-88C8-2CDEBCAB927E}.Release|iPhone.Build.0 = Release|Any CPU
		{015148EF-FF69-42AC-88C8-2CDEBCAB927E}.Release|iPhoneSimulator.ActiveCfg = Release|Any CPU
		{015148EF-FF69-42AC-88C8-2CDEBCAB927E}.Release|iPhoneSimulator.Build.0 = Release|Any CPU
		{DAF37117-66D8-45B7-A3F8-D9DC897CDF1C}.Debug|Any CPU.ActiveCfg = Debug|Any CPU
		{DAF37117-66D8-45B7-A3F8-D9DC897CDF1C}.Debug|Any CPU.Build.0 = Debug|Any CPU
		{DAF37117-66D8-45B7-A3F8-D9DC897CDF1C}.Debug|iPhone.ActiveCfg = Debug|Any CPU
		{DAF37117-66D8-45B7-A3F8-D9DC897CDF1C}.Debug|iPhone.Build.0 = Debug|Any CPU
		{DAF37117-66D8-45B7-A3F8-D9DC897CDF1C}.Debug|iPhoneSimulator.ActiveCfg = Debug|Any CPU
		{DAF37117-66D8-45B7-A3F8-D9DC897CDF1C}.Debug|iPhoneSimulator.Build.0 = Debug|Any CPU
		{DAF37117-66D8-45B7-A3F8-D9DC897CDF1C}.Release|Any CPU.ActiveCfg = Release|Any CPU
		{DAF37117-66D8-45B7-A3F8-D9DC897CDF1C}.Release|Any CPU.Build.0 = Release|Any CPU
		{DAF37117-66D8-45B7-A3F8-D9DC897CDF1C}.Release|iPhone.ActiveCfg = Release|Any CPU
		{DAF37117-66D8-45B7-A3F8-D9DC897CDF1C}.Release|iPhone.Build.0 = Release|Any CPU
		{DAF37117-66D8-45B7-A3F8-D9DC897CDF1C}.Release|iPhoneSimulator.ActiveCfg = Release|Any CPU
		{DAF37117-66D8-45B7-A3F8-D9DC897CDF1C}.Release|iPhoneSimulator.Build.0 = Release|Any CPU
		{159C82C4-1C3C-4956-A0FE-AACF10388B34}.Debug|Any CPU.ActiveCfg = Debug|Any CPU
		{159C82C4-1C3C-4956-A0FE-AACF10388B34}.Debug|Any CPU.Build.0 = Debug|Any CPU
		{159C82C4-1C3C-4956-A0FE-AACF10388B34}.Debug|iPhone.ActiveCfg = Debug|Any CPU
		{159C82C4-1C3C-4956-A0FE-AACF10388B34}.Debug|iPhone.Build.0 = Debug|Any CPU
		{159C82C4-1C3C-4956-A0FE-AACF10388B34}.Debug|iPhoneSimulator.ActiveCfg = Debug|Any CPU
		{159C82C4-1C3C-4956-A0FE-AACF10388B34}.Debug|iPhoneSimulator.Build.0 = Debug|Any CPU
		{159C82C4-1C3C-4956-A0FE-AACF10388B34}.Release|Any CPU.ActiveCfg = Release|Any CPU
		{159C82C4-1C3C-4956-A0FE-AACF10388B34}.Release|Any CPU.Build.0 = Release|Any CPU
		{159C82C4-1C3C-4956-A0FE-AACF10388B34}.Release|iPhone.ActiveCfg = Release|Any CPU
		{159C82C4-1C3C-4956-A0FE-AACF10388B34}.Release|iPhone.Build.0 = Release|Any CPU
		{159C82C4-1C3C-4956-A0FE-AACF10388B34}.Release|iPhoneSimulator.ActiveCfg = Release|Any CPU
		{159C82C4-1C3C-4956-A0FE-AACF10388B34}.Release|iPhoneSimulator.Build.0 = Release|Any CPU
		{247C0EC4-67A7-42EE-BFA7-B3C60905A6C9}.Debug|Any CPU.ActiveCfg = Debug|Any CPU
		{247C0EC4-67A7-42EE-BFA7-B3C60905A6C9}.Debug|Any CPU.Build.0 = Debug|Any CPU
		{247C0EC4-67A7-42EE-BFA7-B3C60905A6C9}.Debug|iPhone.ActiveCfg = Debug|Any CPU
		{247C0EC4-67A7-42EE-BFA7-B3C60905A6C9}.Debug|iPhone.Build.0 = Debug|Any CPU
		{247C0EC4-67A7-42EE-BFA7-B3C60905A6C9}.Debug|iPhoneSimulator.ActiveCfg = Debug|Any CPU
		{247C0EC4-67A7-42EE-BFA7-B3C60905A6C9}.Debug|iPhoneSimulator.Build.0 = Debug|Any CPU
		{247C0EC4-67A7-42EE-BFA7-B3C60905A6C9}.Release|Any CPU.ActiveCfg = Release|Any CPU
		{247C0EC4-67A7-42EE-BFA7-B3C60905A6C9}.Release|Any CPU.Build.0 = Release|Any CPU
		{247C0EC4-67A7-42EE-BFA7-B3C60905A6C9}.Release|iPhone.ActiveCfg = Release|Any CPU
		{247C0EC4-67A7-42EE-BFA7-B3C60905A6C9}.Release|iPhone.Build.0 = Release|Any CPU
		{247C0EC4-67A7-42EE-BFA7-B3C60905A6C9}.Release|iPhoneSimulator.ActiveCfg = Release|Any CPU
		{247C0EC4-67A7-42EE-BFA7-B3C60905A6C9}.Release|iPhoneSimulator.Build.0 = Release|Any CPU
		{C5AF22AA-649C-4D88-A498-F342B529BE48}.Debug|Any CPU.ActiveCfg = Debug|Any CPU
		{C5AF22AA-649C-4D88-A498-F342B529BE48}.Debug|Any CPU.Build.0 = Debug|Any CPU
		{C5AF22AA-649C-4D88-A498-F342B529BE48}.Debug|iPhone.ActiveCfg = Debug|Any CPU
		{C5AF22AA-649C-4D88-A498-F342B529BE48}.Debug|iPhone.Build.0 = Debug|Any CPU
		{C5AF22AA-649C-4D88-A498-F342B529BE48}.Debug|iPhoneSimulator.ActiveCfg = Debug|Any CPU
		{C5AF22AA-649C-4D88-A498-F342B529BE48}.Debug|iPhoneSimulator.Build.0 = Debug|Any CPU
		{C5AF22AA-649C-4D88-A498-F342B529BE48}.Release|Any CPU.ActiveCfg = Release|Any CPU
		{C5AF22AA-649C-4D88-A498-F342B529BE48}.Release|Any CPU.Build.0 = Release|Any CPU
		{C5AF22AA-649C-4D88-A498-F342B529BE48}.Release|iPhone.ActiveCfg = Release|Any CPU
		{C5AF22AA-649C-4D88-A498-F342B529BE48}.Release|iPhone.Build.0 = Release|Any CPU
		{C5AF22AA-649C-4D88-A498-F342B529BE48}.Release|iPhoneSimulator.ActiveCfg = Release|Any CPU
		{C5AF22AA-649C-4D88-A498-F342B529BE48}.Release|iPhoneSimulator.Build.0 = Release|Any CPU
		{5FBD1B51-DC20-4594-99AB-4C978DC65BD4}.Debug|Any CPU.ActiveCfg = Debug|Any CPU
		{5FBD1B51-DC20-4594-99AB-4C978DC65BD4}.Debug|Any CPU.Build.0 = Debug|Any CPU
		{5FBD1B51-DC20-4594-99AB-4C978DC65BD4}.Debug|iPhone.ActiveCfg = Debug|Any CPU
		{5FBD1B51-DC20-4594-99AB-4C978DC65BD4}.Debug|iPhone.Build.0 = Debug|Any CPU
		{5FBD1B51-DC20-4594-99AB-4C978DC65BD4}.Debug|iPhoneSimulator.ActiveCfg = Debug|Any CPU
		{5FBD1B51-DC20-4594-99AB-4C978DC65BD4}.Debug|iPhoneSimulator.Build.0 = Debug|Any CPU
		{5FBD1B51-DC20-4594-99AB-4C978DC65BD4}.Release|Any CPU.ActiveCfg = Release|Any CPU
		{5FBD1B51-DC20-4594-99AB-4C978DC65BD4}.Release|Any CPU.Build.0 = Release|Any CPU
		{5FBD1B51-DC20-4594-99AB-4C978DC65BD4}.Release|iPhone.ActiveCfg = Release|Any CPU
		{5FBD1B51-DC20-4594-99AB-4C978DC65BD4}.Release|iPhone.Build.0 = Release|Any CPU
		{5FBD1B51-DC20-4594-99AB-4C978DC65BD4}.Release|iPhoneSimulator.ActiveCfg = Release|Any CPU
		{5FBD1B51-DC20-4594-99AB-4C978DC65BD4}.Release|iPhoneSimulator.Build.0 = Release|Any CPU
		{A4B54A9B-3C3A-491B-BD29-62C8D230CBDE}.Debug|Any CPU.ActiveCfg = Debug|Any CPU
		{A4B54A9B-3C3A-491B-BD29-62C8D230CBDE}.Debug|Any CPU.Build.0 = Debug|Any CPU
		{A4B54A9B-3C3A-491B-BD29-62C8D230CBDE}.Debug|iPhone.ActiveCfg = Debug|Any CPU
		{A4B54A9B-3C3A-491B-BD29-62C8D230CBDE}.Debug|iPhone.Build.0 = Debug|Any CPU
		{A4B54A9B-3C3A-491B-BD29-62C8D230CBDE}.Debug|iPhoneSimulator.ActiveCfg = Debug|Any CPU
		{A4B54A9B-3C3A-491B-BD29-62C8D230CBDE}.Debug|iPhoneSimulator.Build.0 = Debug|Any CPU
		{A4B54A9B-3C3A-491B-BD29-62C8D230CBDE}.Release|Any CPU.ActiveCfg = Release|Any CPU
		{A4B54A9B-3C3A-491B-BD29-62C8D230CBDE}.Release|Any CPU.Build.0 = Release|Any CPU
		{A4B54A9B-3C3A-491B-BD29-62C8D230CBDE}.Release|iPhone.ActiveCfg = Release|Any CPU
		{A4B54A9B-3C3A-491B-BD29-62C8D230CBDE}.Release|iPhone.Build.0 = Release|Any CPU
		{A4B54A9B-3C3A-491B-BD29-62C8D230CBDE}.Release|iPhoneSimulator.ActiveCfg = Release|Any CPU
		{A4B54A9B-3C3A-491B-BD29-62C8D230CBDE}.Release|iPhoneSimulator.Build.0 = Release|Any CPU
		{2723A591-AD5B-40B2-8D04-262CEBB20B33}.Debug|Any CPU.ActiveCfg = Debug|Any CPU
		{2723A591-AD5B-40B2-8D04-262CEBB20B33}.Debug|Any CPU.Build.0 = Debug|Any CPU
		{2723A591-AD5B-40B2-8D04-262CEBB20B33}.Debug|iPhone.ActiveCfg = Debug|Any CPU
		{2723A591-AD5B-40B2-8D04-262CEBB20B33}.Debug|iPhone.Build.0 = Debug|Any CPU
		{2723A591-AD5B-40B2-8D04-262CEBB20B33}.Debug|iPhoneSimulator.ActiveCfg = Debug|Any CPU
		{2723A591-AD5B-40B2-8D04-262CEBB20B33}.Debug|iPhoneSimulator.Build.0 = Debug|Any CPU
		{2723A591-AD5B-40B2-8D04-262CEBB20B33}.Release|Any CPU.ActiveCfg = Release|Any CPU
		{2723A591-AD5B-40B2-8D04-262CEBB20B33}.Release|Any CPU.Build.0 = Release|Any CPU
		{2723A591-AD5B-40B2-8D04-262CEBB20B33}.Release|iPhone.ActiveCfg = Release|Any CPU
		{2723A591-AD5B-40B2-8D04-262CEBB20B33}.Release|iPhone.Build.0 = Release|Any CPU
		{2723A591-AD5B-40B2-8D04-262CEBB20B33}.Release|iPhoneSimulator.ActiveCfg = Release|Any CPU
		{2723A591-AD5B-40B2-8D04-262CEBB20B33}.Release|iPhoneSimulator.Build.0 = Release|Any CPU
		{AB6D62E6-8B42-401A-9E9E-E963EA0AE176}.Debug|Any CPU.ActiveCfg = Debug|Any CPU
		{AB6D62E6-8B42-401A-9E9E-E963EA0AE176}.Debug|Any CPU.Build.0 = Debug|Any CPU
		{AB6D62E6-8B42-401A-9E9E-E963EA0AE176}.Debug|iPhone.ActiveCfg = Debug|Any CPU
		{AB6D62E6-8B42-401A-9E9E-E963EA0AE176}.Debug|iPhone.Build.0 = Debug|Any CPU
		{AB6D62E6-8B42-401A-9E9E-E963EA0AE176}.Debug|iPhoneSimulator.ActiveCfg = Debug|Any CPU
		{AB6D62E6-8B42-401A-9E9E-E963EA0AE176}.Debug|iPhoneSimulator.Build.0 = Debug|Any CPU
		{AB6D62E6-8B42-401A-9E9E-E963EA0AE176}.Release|Any CPU.ActiveCfg = Release|Any CPU
		{AB6D62E6-8B42-401A-9E9E-E963EA0AE176}.Release|Any CPU.Build.0 = Release|Any CPU
		{AB6D62E6-8B42-401A-9E9E-E963EA0AE176}.Release|iPhone.ActiveCfg = Release|Any CPU
		{AB6D62E6-8B42-401A-9E9E-E963EA0AE176}.Release|iPhone.Build.0 = Release|Any CPU
		{AB6D62E6-8B42-401A-9E9E-E963EA0AE176}.Release|iPhoneSimulator.ActiveCfg = Release|Any CPU
		{AB6D62E6-8B42-401A-9E9E-E963EA0AE176}.Release|iPhoneSimulator.Build.0 = Release|Any CPU
		{AE0A53F7-D079-4363-8B96-6A5C86DA5FA6}.Debug|Any CPU.ActiveCfg = Debug|Any CPU
		{AE0A53F7-D079-4363-8B96-6A5C86DA5FA6}.Debug|Any CPU.Build.0 = Debug|Any CPU
		{AE0A53F7-D079-4363-8B96-6A5C86DA5FA6}.Debug|iPhone.ActiveCfg = Debug|Any CPU
		{AE0A53F7-D079-4363-8B96-6A5C86DA5FA6}.Debug|iPhone.Build.0 = Debug|Any CPU
		{AE0A53F7-D079-4363-8B96-6A5C86DA5FA6}.Debug|iPhoneSimulator.ActiveCfg = Debug|Any CPU
		{AE0A53F7-D079-4363-8B96-6A5C86DA5FA6}.Debug|iPhoneSimulator.Build.0 = Debug|Any CPU
		{AE0A53F7-D079-4363-8B96-6A5C86DA5FA6}.Release|Any CPU.ActiveCfg = Release|Any CPU
		{AE0A53F7-D079-4363-8B96-6A5C86DA5FA6}.Release|Any CPU.Build.0 = Release|Any CPU
		{AE0A53F7-D079-4363-8B96-6A5C86DA5FA6}.Release|iPhone.ActiveCfg = Release|Any CPU
		{AE0A53F7-D079-4363-8B96-6A5C86DA5FA6}.Release|iPhone.Build.0 = Release|Any CPU
		{AE0A53F7-D079-4363-8B96-6A5C86DA5FA6}.Release|iPhoneSimulator.ActiveCfg = Release|Any CPU
		{AE0A53F7-D079-4363-8B96-6A5C86DA5FA6}.Release|iPhoneSimulator.Build.0 = Release|Any CPU
		{847E4CEC-590D-4209-954B-0DBCB727DF64}.Debug|Any CPU.ActiveCfg = Debug|Any CPU
		{847E4CEC-590D-4209-954B-0DBCB727DF64}.Debug|Any CPU.Build.0 = Debug|Any CPU
		{847E4CEC-590D-4209-954B-0DBCB727DF64}.Debug|iPhone.ActiveCfg = Debug|Any CPU
		{847E4CEC-590D-4209-954B-0DBCB727DF64}.Debug|iPhone.Build.0 = Debug|Any CPU
		{847E4CEC-590D-4209-954B-0DBCB727DF64}.Debug|iPhoneSimulator.ActiveCfg = Debug|Any CPU
		{847E4CEC-590D-4209-954B-0DBCB727DF64}.Debug|iPhoneSimulator.Build.0 = Debug|Any CPU
		{847E4CEC-590D-4209-954B-0DBCB727DF64}.Release|Any CPU.ActiveCfg = Release|Any CPU
		{847E4CEC-590D-4209-954B-0DBCB727DF64}.Release|Any CPU.Build.0 = Release|Any CPU
		{847E4CEC-590D-4209-954B-0DBCB727DF64}.Release|iPhone.ActiveCfg = Release|Any CPU
		{847E4CEC-590D-4209-954B-0DBCB727DF64}.Release|iPhone.Build.0 = Release|Any CPU
		{847E4CEC-590D-4209-954B-0DBCB727DF64}.Release|iPhoneSimulator.ActiveCfg = Release|Any CPU
		{847E4CEC-590D-4209-954B-0DBCB727DF64}.Release|iPhoneSimulator.Build.0 = Release|Any CPU
		{7D85A466-C81D-4CBB-80DF-EAB06FA52ED2}.Ad-Hoc|Any CPU.ActiveCfg = Debug|iPhoneSimulator
		{7D85A466-C81D-4CBB-80DF-EAB06FA52ED2}.Ad-Hoc|Any CPU.Build.0 = Debug|iPhoneSimulator
		{7D85A466-C81D-4CBB-80DF-EAB06FA52ED2}.Ad-Hoc|iPhone.ActiveCfg = Release|iPhone
		{7D85A466-C81D-4CBB-80DF-EAB06FA52ED2}.Ad-Hoc|iPhone.Build.0 = Release|iPhone
		{7D85A466-C81D-4CBB-80DF-EAB06FA52ED2}.Ad-Hoc|iPhoneSimulator.ActiveCfg = Debug|iPhoneSimulator
		{7D85A466-C81D-4CBB-80DF-EAB06FA52ED2}.Ad-Hoc|iPhoneSimulator.Build.0 = Debug|iPhoneSimulator
		{7D85A466-C81D-4CBB-80DF-EAB06FA52ED2}.Ad-Hoc|x64.ActiveCfg = Debug|iPhoneSimulator
		{7D85A466-C81D-4CBB-80DF-EAB06FA52ED2}.Ad-Hoc|x64.Build.0 = Debug|iPhoneSimulator
		{7D85A466-C81D-4CBB-80DF-EAB06FA52ED2}.Ad-Hoc|x86.ActiveCfg = Debug|iPhoneSimulator
		{7D85A466-C81D-4CBB-80DF-EAB06FA52ED2}.Ad-Hoc|x86.Build.0 = Debug|iPhoneSimulator
		{7D85A466-C81D-4CBB-80DF-EAB06FA52ED2}.AppStore|Any CPU.ActiveCfg = Debug|iPhoneSimulator
		{7D85A466-C81D-4CBB-80DF-EAB06FA52ED2}.AppStore|Any CPU.Build.0 = Debug|iPhoneSimulator
		{7D85A466-C81D-4CBB-80DF-EAB06FA52ED2}.AppStore|iPhone.ActiveCfg = Release|iPhone
		{7D85A466-C81D-4CBB-80DF-EAB06FA52ED2}.AppStore|iPhone.Build.0 = Release|iPhone
		{7D85A466-C81D-4CBB-80DF-EAB06FA52ED2}.AppStore|iPhoneSimulator.ActiveCfg = Debug|iPhoneSimulator
		{7D85A466-C81D-4CBB-80DF-EAB06FA52ED2}.AppStore|iPhoneSimulator.Build.0 = Debug|iPhoneSimulator
		{7D85A466-C81D-4CBB-80DF-EAB06FA52ED2}.AppStore|x64.ActiveCfg = Debug|iPhoneSimulator
		{7D85A466-C81D-4CBB-80DF-EAB06FA52ED2}.AppStore|x64.Build.0 = Debug|iPhoneSimulator
		{7D85A466-C81D-4CBB-80DF-EAB06FA52ED2}.AppStore|x86.ActiveCfg = Debug|iPhoneSimulator
		{7D85A466-C81D-4CBB-80DF-EAB06FA52ED2}.AppStore|x86.Build.0 = Debug|iPhoneSimulator
		{7D85A466-C81D-4CBB-80DF-EAB06FA52ED2}.Debug|Any CPU.ActiveCfg = Debug|iPhoneSimulator
		{7D85A466-C81D-4CBB-80DF-EAB06FA52ED2}.Debug|Any CPU.Build.0 = Debug|iPhoneSimulator
		{7D85A466-C81D-4CBB-80DF-EAB06FA52ED2}.Debug|iPhone.ActiveCfg = Debug|iPhone
		{7D85A466-C81D-4CBB-80DF-EAB06FA52ED2}.Debug|iPhone.Build.0 = Debug|iPhone
		{7D85A466-C81D-4CBB-80DF-EAB06FA52ED2}.Debug|iPhoneSimulator.ActiveCfg = Debug|iPhoneSimulator
		{7D85A466-C81D-4CBB-80DF-EAB06FA52ED2}.Debug|iPhoneSimulator.Build.0 = Debug|iPhoneSimulator
		{7D85A466-C81D-4CBB-80DF-EAB06FA52ED2}.Debug|x64.ActiveCfg = Debug|iPhoneSimulator
		{7D85A466-C81D-4CBB-80DF-EAB06FA52ED2}.Debug|x64.Build.0 = Debug|iPhoneSimulator
		{7D85A466-C81D-4CBB-80DF-EAB06FA52ED2}.Debug|x86.ActiveCfg = Debug|iPhoneSimulator
		{7D85A466-C81D-4CBB-80DF-EAB06FA52ED2}.Debug|x86.Build.0 = Debug|iPhoneSimulator
		{7D85A466-C81D-4CBB-80DF-EAB06FA52ED2}.Release|Any CPU.ActiveCfg = Release|iPhone
		{7D85A466-C81D-4CBB-80DF-EAB06FA52ED2}.Release|Any CPU.Build.0 = Release|iPhone
		{7D85A466-C81D-4CBB-80DF-EAB06FA52ED2}.Release|iPhone.ActiveCfg = Release|iPhone
		{7D85A466-C81D-4CBB-80DF-EAB06FA52ED2}.Release|iPhone.Build.0 = Release|iPhone
		{7D85A466-C81D-4CBB-80DF-EAB06FA52ED2}.Release|iPhoneSimulator.ActiveCfg = Release|iPhoneSimulator
		{7D85A466-C81D-4CBB-80DF-EAB06FA52ED2}.Release|iPhoneSimulator.Build.0 = Release|iPhoneSimulator
		{7D85A466-C81D-4CBB-80DF-EAB06FA52ED2}.Release|x64.ActiveCfg = Release|iPhone
		{7D85A466-C81D-4CBB-80DF-EAB06FA52ED2}.Release|x64.Build.0 = Release|iPhone
		{7D85A466-C81D-4CBB-80DF-EAB06FA52ED2}.Release|x86.ActiveCfg = Release|iPhone
		{7D85A466-C81D-4CBB-80DF-EAB06FA52ED2}.Release|x86.Build.0 = Release|iPhone
	EndGlobalSection
	GlobalSection(SolutionProperties) = preSolution
		HideSolutionNode = FALSE
	EndGlobalSection
	GlobalSection(NestedProjects) = preSolution
		{87DAFAF8-C745-44F0-BC8A-503BF4A97082} = {66A8A447-CECE-4C0D-9F8E-8EC790A141F3}
		{CF41ABBD-2DDE-44D3-A5C8-85846812AE23} = {66A8A447-CECE-4C0D-9F8E-8EC790A141F3}
		{9335A59B-3B54-4ED5-8201-B68CFD05CAFB} = {87DAFAF8-C745-44F0-BC8A-503BF4A97082}
		{25783B8D-1423-4CC2-B629-7E7F36A1CF4B} = {87DAFAF8-C745-44F0-BC8A-503BF4A97082}
		{76D97DB8-CAFE-4F0C-9F90-970CB26080FA} = {87DAFAF8-C745-44F0-BC8A-503BF4A97082}
		{1EDD7A0C-29DB-4A6B-B12F-4CA1791FE575} = {87DAFAF8-C745-44F0-BC8A-503BF4A97082}
		{1BF6B7AD-47B3-49F5-918C-8E405309C934} = {87DAFAF8-C745-44F0-BC8A-503BF4A97082}
		{5AFBE3D9-C1FC-4E91-BF3C-AF280727E861} = {87DAFAF8-C745-44F0-BC8A-503BF4A97082}
		{E1558CDF-C9CE-4A78-AA96-9EA75A39D266} = {87DAFAF8-C745-44F0-BC8A-503BF4A97082}
		{5013B41D-804C-499D-B0E5-E8D14859044F} = {87DAFAF8-C745-44F0-BC8A-503BF4A97082}
		{4D102D0B-59D7-4902-913E-85CAA0DFE8A3} = {87DAFAF8-C745-44F0-BC8A-503BF4A97082}
		{3ECC9FBF-72BB-48E4-B454-56194A422B3A} = {87DAFAF8-C745-44F0-BC8A-503BF4A97082}
		{2FC178FA-114D-4A51-A3DF-5EA10E2C71C4} = {87DAFAF8-C745-44F0-BC8A-503BF4A97082}
		{03D44E24-A726-44F9-8EC9-4B136F15B817} = {87DAFAF8-C745-44F0-BC8A-503BF4A97082}
		{36FD3346-EA1E-41A3-91D2-1C380E97BA34} = {CF41ABBD-2DDE-44D3-A5C8-85846812AE23}
		{D71F8108-A163-4E1B-BFB5-EF58FEBADD33} = {CF41ABBD-2DDE-44D3-A5C8-85846812AE23}
		{2D4887E5-F5E4-4C2B-9F35-EAE5E562E43B} = {CF41ABBD-2DDE-44D3-A5C8-85846812AE23}
		{1C9DFB3E-FDA5-478B-B063-CF646AA892DB} = {CF41ABBD-2DDE-44D3-A5C8-85846812AE23}
		{FC514AE9-BE75-467B-91CC-B5FFC0AFBEC4} = {CF41ABBD-2DDE-44D3-A5C8-85846812AE23}
		{CF20170E-821A-4706-BFCE-5650F3D1B3F0} = {CF41ABBD-2DDE-44D3-A5C8-85846812AE23}
		{3FCDD0B5-F60C-49F7-AAD7-497D02285A38} = {CF41ABBD-2DDE-44D3-A5C8-85846812AE23}
		{65ACD945-5A8A-419D-B9FB-8DFD03C532F4} = {87DAFAF8-C745-44F0-BC8A-503BF4A97082}
		{E5719ABE-6807-49C9-9E7A-0997FF4A5365} = {87DAFAF8-C745-44F0-BC8A-503BF4A97082}
		{AB5F0D3A-EE49-48ED-848F-B288D837CA77} = {87DAFAF8-C745-44F0-BC8A-503BF4A97082}
		{F6CEF86A-612E-4361-B46E-E5349EF478CE} = {CF41ABBD-2DDE-44D3-A5C8-85846812AE23}
		{720DD721-A108-488A-83CA-8DACF2D6D506} = {156DD27D-5857-45B7-9511-0D8E7FE4EAE3}
		{F37568EB-B67A-4882-8DE8-E00D135CC73D} = {156DD27D-5857-45B7-9511-0D8E7FE4EAE3}
		{015148EF-FF69-42AC-88C8-2CDEBCAB927E} = {156DD27D-5857-45B7-9511-0D8E7FE4EAE3}
		{156DD27D-5857-45B7-9511-0D8E7FE4EAE3} = {66A8A447-CECE-4C0D-9F8E-8EC790A141F3}
		{DAF37117-66D8-45B7-A3F8-D9DC897CDF1C} = {156DD27D-5857-45B7-9511-0D8E7FE4EAE3}
		{159C82C4-1C3C-4956-A0FE-AACF10388B34} = {156DD27D-5857-45B7-9511-0D8E7FE4EAE3}
		{247C0EC4-67A7-42EE-BFA7-B3C60905A6C9} = {156DD27D-5857-45B7-9511-0D8E7FE4EAE3}
		{C5AF22AA-649C-4D88-A498-F342B529BE48} = {156DD27D-5857-45B7-9511-0D8E7FE4EAE3}
		{5FBD1B51-DC20-4594-99AB-4C978DC65BD4} = {156DD27D-5857-45B7-9511-0D8E7FE4EAE3}
		{A4B54A9B-3C3A-491B-BD29-62C8D230CBDE} = {156DD27D-5857-45B7-9511-0D8E7FE4EAE3}
		{2723A591-AD5B-40B2-8D04-262CEBB20B33} = {156DD27D-5857-45B7-9511-0D8E7FE4EAE3}
		{AB6D62E6-8B42-401A-9E9E-E963EA0AE176} = {156DD27D-5857-45B7-9511-0D8E7FE4EAE3}
		{AE0A53F7-D079-4363-8B96-6A5C86DA5FA6} = {156DD27D-5857-45B7-9511-0D8E7FE4EAE3}
		{847E4CEC-590D-4209-954B-0DBCB727DF64} = {156DD27D-5857-45B7-9511-0D8E7FE4EAE3}
		{7D85A466-C81D-4CBB-80DF-EAB06FA52ED2} = {0DBD3BDB-782A-43BD-B534-C4C88F5D039E}
		{0DBD3BDB-782A-43BD-B534-C4C88F5D039E} = {A873E877-181E-4479-BF57-05A55AF5782A}
	EndGlobalSection
	GlobalSection(ExtensibilityGlobals) = postSolution
		SolutionGuid = {42A53F56-F2A7-4B08-9E1C-FBD9A58ACE2E}
	EndGlobalSection
EndGlobal
